
Microsoft Visual Studio Solution File, Format Version 12.00
# Visual Studio 15
VisualStudioVersion = 15.0.27703.2018
MinimumVisualStudioVersion = 10.0.40219.1
Project("{8BC9CEB8-8B4A-11D0-8D11-00A0C91BC942}") = "play_with_algorithm", "play_with_algorithm\play_with_algorithm.vcxproj", "{AE422FF2-CCA6-43CC-9B32-6EC75F2AC9C9}"
EndProject
Project("{8BC9CEB8-8B4A-11D0-8D11-00A0C91BC942}") = "SelectionSort", "SelectionSort\SelectionSort.vcxproj", "{6C202226-3B21-4B91-9EEE-135790041E67}"
EndProject
Project("{8BC9CEB8-8B4A-11D0-8D11-00A0C91BC942}") = "InsertionSort", "InsertionSort\InsertionSort.vcxproj", "{79F238CD-38DC-484A-9D06-EB493F19FF63}"
EndProject
Project("{8BC9CEB8-8B4A-11D0-8D11-00A0C91BC942}") = "MergeSort", "MergeSort\MergeSort.vcxproj", "{4BFD8D6E-C5C5-42A3-B6CD-55035FCF3512}"
EndProject
Project("{8BC9CEB8-8B4A-11D0-8D11-00A0C91BC942}") = "QuickSort", "QuickSort\QuickSort.vcxproj", "{413F5BA2-6109-4EF6-B19B-F78399DDA580}"
EndProject
Project("{8BC9CEB8-8B4A-11D0-8D11-00A0C91BC942}") = "MaxHeap", "MaxHeap\MaxHeap.vcxproj", "{15AE290C-168A-487B-8816-EE9A7DAAA82D}"
EndProject
Project("{8BC9CEB8-8B4A-11D0-8D11-00A0C91BC942}") = "Excercise", "Excercise\Excercise.vcxproj", "{C726C7DA-FAB8-4E59-A1D2-376A0E12F403}"
EndProject
Global
	GlobalSection(SolutionConfigurationPlatforms) = preSolution
		Debug|x64 = Debug|x64
		Debug|x86 = Debug|x86
		Release|x64 = Release|x64
		Release|x86 = Release|x86
	EndGlobalSection
	GlobalSection(ProjectConfigurationPlatforms) = postSolution
		{AE422FF2-CCA6-43CC-9B32-6EC75F2AC9C9}.Debug|x64.ActiveCfg = Debug|x64
		{AE422FF2-CCA6-43CC-9B32-6EC75F2AC9C9}.Debug|x64.Build.0 = Debug|x64
		{AE422FF2-CCA6-43CC-9B32-6EC75F2AC9C9}.Debug|x86.ActiveCfg = Debug|Win32
		{AE422FF2-CCA6-43CC-9B32-6EC75F2AC9C9}.Debug|x86.Build.0 = Debug|Win32
		{AE422FF2-CCA6-43CC-9B32-6EC75F2AC9C9}.Release|x64.ActiveCfg = Release|x64
		{AE422FF2-CCA6-43CC-9B32-6EC75F2AC9C9}.Release|x64.Build.0 = Release|x64
		{AE422FF2-CCA6-43CC-9B32-6EC75F2AC9C9}.Release|x86.ActiveCfg = Release|Win32
		{AE422FF2-CCA6-43CC-9B32-6EC75F2AC9C9}.Release|x86.Build.0 = Release|Win32
		{6C202226-3B21-4B91-9EEE-135790041E67}.Debug|x64.ActiveCfg = Debug|x64
		{6C202226-3B21-4B91-9EEE-135790041E67}.Debug|x64.Build.0 = Debug|x64
		{6C202226-3B21-4B91-9EEE-135790041E67}.Debug|x86.ActiveCfg = Debug|Win32
		{6C202226-3B21-4B91-9EEE-135790041E67}.Debug|x86.Build.0 = Debug|Win32
		{6C202226-3B21-4B91-9EEE-135790041E67}.Release|x64.ActiveCfg = Release|x64
		{6C202226-3B21-4B91-9EEE-135790041E67}.Release|x64.Build.0 = Release|x64
		{6C202226-3B21-4B91-9EEE-135790041E67}.Release|x86.ActiveCfg = Release|Win32
		{6C202226-3B21-4B91-9EEE-135790041E67}.Release|x86.Build.0 = Release|Win32
		{79F238CD-38DC-484A-9D06-EB493F19FF63}.Debug|x64.ActiveCfg = Debug|x64
		{79F238CD-38DC-484A-9D06-EB493F19FF63}.Debug|x64.Build.0 = Debug|x64
		{79F238CD-38DC-484A-9D06-EB493F19FF63}.Debug|x86.ActiveCfg = Debug|Win32
		{79F238CD-38DC-484A-9D06-EB493F19FF63}.Debug|x86.Build.0 = Debug|Win32
		{79F238CD-38DC-484A-9D06-EB493F19FF63}.Release|x64.ActiveCfg = Release|x64
		{79F238CD-38DC-484A-9D06-EB493F19FF63}.Release|x64.Build.0 = Release|x64
		{79F238CD-38DC-484A-9D06-EB493F19FF63}.Release|x86.ActiveCfg = Release|Win32
		{79F238CD-38DC-484A-9D06-EB493F19FF63}.Release|x86.Build.0 = Release|Win32
		{4BFD8D6E-C5C5-42A3-B6CD-55035FCF3512}.Debug|x64.ActiveCfg = Debug|x64
		{4BFD8D6E-C5C5-42A3-B6CD-55035FCF3512}.Debug|x64.Build.0 = Debug|x64
		{4BFD8D6E-C5C5-42A3-B6CD-55035FCF3512}.Debug|x86.ActiveCfg = Debug|Win32
		{4BFD8D6E-C5C5-42A3-B6CD-55035FCF3512}.Debug|x86.Build.0 = Debug|Win32
		{4BFD8D6E-C5C5-42A3-B6CD-55035FCF3512}.Release|x64.ActiveCfg = Release|x64
		{4BFD8D6E-C5C5-42A3-B6CD-55035FCF3512}.Release|x64.Build.0 = Release|x64
		{4BFD8D6E-C5C5-42A3-B6CD-55035FCF3512}.Release|x86.ActiveCfg = Release|Win32
		{4BFD8D6E-C5C5-42A3-B6CD-55035FCF3512}.Release|x86.Build.0 = Release|Win32
		{413F5BA2-6109-4EF6-B19B-F78399DDA580}.Debug|x64.ActiveCfg = Debug|x64
		{413F5BA2-6109-4EF6-B19B-F78399DDA580}.Debug|x64.Build.0 = Debug|x64
		{413F5BA2-6109-4EF6-B19B-F78399DDA580}.Debug|x86.ActiveCfg = Debug|Win32
		{413F5BA2-6109-4EF6-B19B-F78399DDA580}.Debug|x86.Build.0 = Debug|Win32
		{413F5BA2-6109-4EF6-B19B-F78399DDA580}.Release|x64.ActiveCfg = Release|x64
		{413F5BA2-6109-4EF6-B19B-F78399DDA580}.Release|x64.Build.0 = Release|x64
		{413F5BA2-6109-4EF6-B19B-F78399DDA580}.Release|x86.ActiveCfg = Release|Win32
		{413F5BA2-6109-4EF6-B19B-F78399DDA580}.Release|x86.Build.0 = Release|Win32
		{15AE290C-168A-487B-8816-EE9A7DAAA82D}.Debug|x64.ActiveCfg = Debug|x64
		{15AE290C-168A-487B-8816-EE9A7DAAA82D}.Debug|x64.Build.0 = Debug|x64
		{15AE290C-168A-487B-8816-EE9A7DAAA82D}.Debug|x86.ActiveCfg = Debug|Win32
		{15AE290C-168A-487B-8816-EE9A7DAAA82D}.Debug|x86.Build.0 = Debug|Win32
		{15AE290C-168A-487B-8816-EE9A7DAAA82D}.Release|x64.ActiveCfg = Release|x64
		{15AE290C-168A-487B-8816-EE9A7DAAA82D}.Release|x64.Build.0 = Release|x64
		{15AE290C-168A-487B-8816-EE9A7DAAA82D}.Release|x86.ActiveCfg = Release|Win32
		{15AE290C-168A-487B-8816-EE9A7DAAA82D}.Release|x86.Build.0 = Release|Win32
		{C726C7DA-FAB8-4E59-A1D2-376A0E12F403}.Debug|x64.ActiveCfg = Debug|x64
		{C726C7DA-FAB8-4E59-A1D2-376A0E12F403}.Debug|x64.Build.0 = Debug|x64
		{C726C7DA-FAB8-4E59-A1D2-376A0E12F403}.Debug|x86.ActiveCfg = Debug|Win32
		{C726C7DA-FAB8-4E59-A1D2-376A0E12F403}.Debug|x86.Build.0 = Debug|Win32
		{C726C7DA-FAB8-4E59-A1D2-376A0E12F403}.Release|x64.ActiveCfg = Release|x64
		{C726C7DA-FAB8-4E59-A1D2-376A0E12F403}.Release|x64.Build.0 = Release|x64
		{C726C7DA-FAB8-4E59-A1D2-376A0E12F403}.Release|x86.ActiveCfg = Release|Win32
		{C726C7DA-FAB8-4E59-A1D2-376A0E12F403}.Release|x86.Build.0 = Release|Win32
	EndGlobalSection
	GlobalSection(SolutionProperties) = preSolution
		HideSolutionNode = FALSE
	EndGlobalSection
	GlobalSection(ExtensibilityGlobals) = postSolution
		SolutionGuid = {3196A318-08A0-4940-BD75-4858C13FFFFE}
	EndGlobalSection
EndGlobal
